
Microsoft Visual Studio Solution File, Format Version 12.00
# Visual Studio Version 16
VisualStudioVersion = 16.0.30002.166
MinimumVisualStudioVersion = 10.0.40219.1
Project("{FAE04EC0-301F-11D3-BF4B-00C04F79EFBC}") = "Gps.Android", "Gps\Gps.Android\Gps.Android.csproj", "{BD5688CD-DCA2-474E-BDA1-F6281EE59AAF}"
EndProject
Project("{FAE04EC0-301F-11D3-BF4B-00C04F79EFBC}") = "Gps.iOS", "Gps\Gps.iOS\Gps.iOS.csproj", "{288CE23E-EC10-4073-8356-4DA47AFD7EC2}"
EndProject
Project("{FAE04EC0-301F-11D3-BF4B-00C04F79EFBC}") = "Gps", "Gps\Gps\Gps.csproj", "{18DE3BE1-2FD3-482C-9E09-BB5BE08D5AF2}"
EndProject
Global
	GlobalSection(SolutionConfigurationPlatforms) = preSolution
		Debug|Any CPU = Debug|Any CPU
		Debug|iPhone = Debug|iPhone
		Debug|iPhoneSimulator = Debug|iPhoneSimulator
		Release|Any CPU = Release|Any CPU
		Release|iPhone = Release|iPhone
		Release|iPhoneSimulator = Release|iPhoneSimulator
	EndGlobalSection
	GlobalSection(ProjectConfigurationPlatforms) = postSolution
		{BD5688CD-DCA2-474E-BDA1-F6281EE59AAF}.Debug|Any CPU.ActiveCfg = Debug|Any CPU
		{BD5688CD-DCA2-474E-BDA1-F6281EE59AAF}.Debug|Any CPU.Build.0 = Debug|Any CPU
		{BD5688CD-DCA2-474E-BDA1-F6281EE59AAF}.Debug|Any CPU.Deploy.0 = Debug|Any CPU
		{BD5688CD-DCA2-474E-BDA1-F6281EE59AAF}.Debug|iPhone.ActiveCfg = Debug|Any CPU
		{BD5688CD-DCA2-474E-BDA1-F6281EE59AAF}.Debug|iPhone.Build.0 = Debug|Any CPU
		{BD5688CD-DCA2-474E-BDA1-F6281EE59AAF}.Debug|iPhone.Deploy.0 = Debug|Any CPU
		{BD5688CD-DCA2-474E-BDA1-F6281EE59AAF}.Debug|iPhoneSimulator.ActiveCfg = Debug|Any CPU
		{BD5688CD-DCA2-474E-BDA1-F6281EE59AAF}.Debug|iPhoneSimulator.Build.0 = Debug|Any CPU
		{BD5688CD-DCA2-474E-BDA1-F6281EE59AAF}.Debug|iPhoneSimulator.Deploy.0 = Debug|Any CPU
		{BD5688CD-DCA2-474E-BDA1-F6281EE59AAF}.Release|Any CPU.ActiveCfg = Release|Any CPU
		{BD5688CD-DCA2-474E-BDA1-F6281EE59AAF}.Release|Any CPU.Build.0 = Release|Any CPU
		{BD5688CD-DCA2-474E-BDA1-F6281EE59AAF}.Release|Any CPU.Deploy.0 = Release|Any CPU
		{BD5688CD-DCA2-474E-BDA1-F6281EE59AAF}.Release|iPhone.ActiveCfg = Release|Any CPU
		{BD5688CD-DCA2-474E-BDA1-F6281EE59AAF}.Release|iPhone.Build.0 = Release|Any CPU
		{BD5688CD-DCA2-474E-BDA1-F6281EE59AAF}.Release|iPhone.Deploy.0 = Release|Any CPU
		{BD5688CD-DCA2-474E-BDA1-F6281EE59AAF}.Release|iPhoneSimulator.ActiveCfg = Release|Any CPU
		{BD5688CD-DCA2-474E-BDA1-F6281EE59AAF}.Release|iPhoneSimulator.Build.0 = Release|Any CPU
		{BD5688CD-DCA2-474E-BDA1-F6281EE59AAF}.Release|iPhoneSimulator.Deploy.0 = Release|Any CPU
		{288CE23E-EC10-4073-8356-4DA47AFD7EC2}.Debug|Any CPU.ActiveCfg = Debug|iPhone
		{288CE23E-EC10-4073-8356-4DA47AFD7EC2}.Debug|Any CPU.Build.0 = Debug|iPhone
		{288CE23E-EC10-4073-8356-4DA47AFD7EC2}.Debug|Any CPU.Deploy.0 = Debug|iPhone
		{288CE23E-EC10-4073-8356-4DA47AFD7EC2}.Debug|iPhone.ActiveCfg = Debug|iPhone
		{288CE23E-EC10-4073-8356-4DA47AFD7EC2}.Debug|iPhone.Build.0 = Debug|iPhone
		{288CE23E-EC10-4073-8356-4DA47AFD7EC2}.Debug|iPhone.Deploy.0 = Debug|iPhone
		{288CE23E-EC10-4073-8356-4DA47AFD7EC2}.Debug|iPhoneSimulator.ActiveCfg = Debug|iPhoneSimulator
		{288CE23E-EC10-4073-8356-4DA47AFD7EC2}.Debug|iPhoneSimulator.Build.0 = Debug|iPhoneSimulator
		{288CE23E-EC10-4073-8356-4DA47AFD7EC2}.Debug|iPhoneSimulator.Deploy.0 = Debug|iPhoneSimulator
		{288CE23E-EC10-4073-8356-4DA47AFD7EC2}.Release|Any CPU.ActiveCfg = Release|iPhone
		{288CE23E-EC10-4073-8356-4DA47AFD7EC2}.Release|Any CPU.Build.0 = Release|iPhone
		{288CE23E-EC10-4073-8356-4DA47AFD7EC2}.Release|Any CPU.Deploy.0 = Release|iPhone
		{288CE23E-EC10-4073-8356-4DA47AFD7EC2}.Release|iPhone.ActiveCfg = Release|iPhone
		{288CE23E-EC10-4073-8356-4DA47AFD7EC2}.Release|iPhone.Build.0 = Release|iPhone
		{288CE23E-EC10-4073-8356-4DA47AFD7EC2}.Release|iPhone.Deploy.0 = Release|iPhone
		{288CE23E-EC10-4073-8356-4DA47AFD7EC2}.Release|iPhoneSimulator.ActiveCfg = Release|iPhoneSimulator
		{288CE23E-EC10-4073-8356-4DA47AFD7EC2}.Release|iPhoneSimulator.Build.0 = Release|iPhoneSimulator
		{288CE23E-EC10-4073-8356-4DA47AFD7EC2}.Release|iPhoneSimulator.Deploy.0 = Release|iPhoneSimulator
		{18DE3BE1-2FD3-482C-9E09-BB5BE08D5AF2}.Debug|Any CPU.ActiveCfg = Debug|Any CPU
		{18DE3BE1-2FD3-482C-9E09-BB5BE08D5AF2}.Debug|Any CPU.Build.0 = Debug|Any CPU
		{18DE3BE1-2FD3-482C-9E09-BB5BE08D5AF2}.Debug|Any CPU.Deploy.0 = Debug|Any CPU
		{18DE3BE1-2FD3-482C-9E09-BB5BE08D5AF2}.Debug|iPhone.ActiveCfg = Debug|Any CPU
		{18DE3BE1-2FD3-482C-9E09-BB5BE08D5AF2}.Debug|iPhone.Build.0 = Debug|Any CPU
		{18DE3BE1-2FD3-482C-9E09-BB5BE08D5AF2}.Debug|iPhone.Deploy.0 = Debug|Any CPU
		{18DE3BE1-2FD3-482C-9E09-BB5BE08D5AF2}.Debug|iPhoneSimulator.ActiveCfg = Debug|Any CPU
		{18DE3BE1-2FD3-482C-9E09-BB5BE08D5AF2}.Debug|iPhoneSimulator.Build.0 = Debug|Any CPU
		{18DE3BE1-2FD3-482C-9E09-BB5BE08D5AF2}.Debug|iPhoneSimulator.Deploy.0 = Debug|Any CPU
		{18DE3BE1-2FD3-482C-9E09-BB5BE08D5AF2}.Release|Any CPU.ActiveCfg = Release|Any CPU
		{18DE3BE1-2FD3-482C-9E09-BB5BE08D5AF2}.Release|Any CPU.Build.0 = Release|Any CPU
		{18DE3BE1-2FD3-482C-9E09-BB5BE08D5AF2}.Release|Any CPU.Deploy.0 = Release|Any CPU
		{18DE3BE1-2FD3-482C-9E09-BB5BE08D5AF2}.Release|iPhone.ActiveCfg = Release|Any CPU
		{18DE3BE1-2FD3-482C-9E09-BB5BE08D5AF2}.Release|iPhone.Build.0 = Release|Any CPU
		{18DE3BE1-2FD3-482C-9E09-BB5BE08D5AF2}.Release|iPhone.Deploy.0 = Release|Any CPU
		{18DE3BE1-2FD3-482C-9E09-BB5BE08D5AF2}.Release|iPhoneSimulator.ActiveCfg = Release|Any CPU
		{18DE3BE1-2FD3-482C-9E09-BB5BE08D5AF2}.Release|iPhoneSimulator.Build.0 = Release|Any CPU
		{18DE3BE1-2FD3-482C-9E09-BB5BE08D5AF2}.Release|iPhoneSimulator.Deploy.0 = Release|Any CPU
	EndGlobalSection
	GlobalSection(SolutionProperties) = preSolution
		HideSolutionNode = FALSE
	EndGlobalSection
	GlobalSection(ExtensibilityGlobals) = postSolution
		SolutionGuid = {1E8C6A40-CB75-4A22-8097-2265AAFB30E6}
	EndGlobalSection
EndGlobal
